<?xml version="1.0" encoding="utf-8"?>
<Project ToolsVersion="4.0" xmlns="http://schemas.microsoft.com/developer/msbuild/2003">
  <ItemGroup>
    <Filter Include="Source Files">
      <UniqueIdentifier>{4FC737F1-C7A5-4376-A066-2A32D752A2FF}</UniqueIdentifier>
      <Extensions>cpp;c;cc;cxx;def;odl;idl;hpj;bat;asm;asmx</Extensions>
    </Filter>
    <Filter Include="Header Files">
      <UniqueIdentifier>{93995380-89BD-4b04-88EB-625FBE52EBFB}</UniqueIdentifier>
      <Extensions>h;hh;hpp;hxx;hm;inl;inc;xsd</Extensions>
    </Filter>
    <Filter Include="Resource Files">
      <UniqueIdentifier>{D9D6E242-F8AF-46E4-B9FD-80ECBC20BA3E}</UniqueIdentifier>
      <Extensions>qrc;*</Extensions>
      <ParseFiles>false</ParseFiles>
    </Filter>
    <Filter Include="Form Files">
      <UniqueIdentifier>{99349809-55BA-4b9d-BF79-8FDBB0286EB3}</UniqueIdentifier>
      <Extensions>ui</Extensions>
    </Filter>
    <Filter Include="Resource Files">
      <UniqueIdentifier>{D9D6E242-F8AF-46E4-B9FD-80ECBC20BA3E}</UniqueIdentifier>
      <Extensions>qrc;*</Extensions>
      <ParseFiles>false</ParseFiles>
    </Filter>
  </ItemGroup>
  <ItemGroup>
    <ClCompile Include="main.cpp">
      <Filter>Source Files</Filter>
    </ClCompile>
    <ClCompile Include="Views/MainView.cpp">
      <Filter>Source Files</Filter>
    </ClCompile>
    <ClCompile Include="Startup.cpp">
      <Filter>Source Files</Filter>
    </ClCompile>
    <ClCompile Include="Controllers/MainViewManager.cpp">
      <Filter>Source Files</Filter>
    </ClCompile>
    <ClCompile Include="Threads/ActiveProcessTracker.cpp">
      <Filter>Source Files</Filter>
    </ClCompile>
    <ClCompile Include="Threads/ProcessListWatcher.cpp">
      <Filter>Source Files</Filter>
    </ClCompile>
    <ClCompile Include="Threads/ElapsedTimeWatcher.cpp">
      <Filter>Source Files</Filter>
    </ClCompile>
    <ClCompile Include="Threads/KeyboardMouseWatcher.cpp">
      <Filter>Source Files</Filter>
    </ClCompile>
    <ClCompile Include="Threads/NetworkThread.cpp">
      <Filter>Source Files</Filter>
    </ClCompile>
    <ClCompile Include="Controllers/LoginViewManager.cpp">
      <Filter>Source Files</Filter>
    </ClCompile>
    <ClCompile Include="Views/LoginView.cpp">
      <Filter>Source Files</Filter>
    </ClCompile>
  </ItemGroup>
  <ItemGroup>
    <QtMoc Include="Views/MainView.h">
      <Filter>Header Files</Filter>
    </QtMoc>
    <QtMoc Include="Startup.h">
      <Filter>Header Files</Filter>
    </QtMoc>
    <QtMoc Include="Controllers/MainViewManager.h">
      <Filter>Header Files</Filter>
    </QtMoc>
    <QtMoc Include="Models/ProcessDataModel.h">
      <Filter>Header Files</Filter>
    </QtMoc>
    <QtMoc Include="Threads/ActiveProcessTracker.h">
      <Filter>Header Files</Filter>
    </QtMoc>
    <QtMoc Include="Threads/ProcessListWatcher.h">
      <Filter>Header Files</Filter>
    </QtMoc>
    <QtMoc Include="Threads/ElapsedTimeWatcher.h">
      <Filter>Header Files</Filter>
    </QtMoc>
    <QtMoc Include="Threads/KeyboardMouseWatcher.h">
      <Filter>Header Files</Filter>
    </QtMoc>
    <QtMoc Include="Threads/NetworkThread.h">
      <Filter>Header Files</Filter>
    </QtMoc>
    <QtMoc Include="Controllers/LoginViewManager.h">
      <Filter>Header Files</Filter>
    </QtMoc>
    <QtMoc Include="Views/LoginView.h">
      <Filter>Header Files</Filter>
    </QtMoc>
  </ItemGroup>
  <ItemGroup>
    <QtUic Include="Views/MainView.ui">
      <Filter>Form Files</Filter>
    </QtUic>
    <QtUic Include="Views/LoginView.ui">
      <Filter>Form Files</Filter>
    </QtUic>
  </ItemGroup>
  <ItemGroup>
    <QtRcc Include="resources.qrc">
      <Filter>Resource Files</Filter>
    </QtRcc>
  </ItemGroup>
  <ItemGroup>
    <ResourceCompile Include="OpsTrace.rc" />
  </ItemGroup>
  <ItemGroup>
    <ClInclude Include="Models/Process.h">
      <Filter>Header Files</Filter>
    </ClInclude>
    <ClInclude Include="Utils/Utils.h">
      <Filter>Header Files</Filter>
    </ClInclude>
  </ItemGroup>
</Project>